
Microsoft Visual Studio Solution File, Format Version 12.00
# Visual Studio Version 17
VisualStudioVersion = 17.6.33815.320
MinimumVisualStudioVersion = 10.0.40219.1
Project("{8BC9CEB8-8B4A-11D0-8D11-00A0C91BC942}") = "ОС, ПМ, группа №5, Лужкова, ЛР №5", "ОС, ПМ, группа №5, Лужкова, ЛР №5\ОС, ПМ, группа №5, Лужкова, ЛР №5.vcxproj", "{75D610FB-FEAE-4B96-A10A-F55420484A47}"
EndProject
Project("{8BC9CEB8-8B4A-11D0-8D11-00A0C91BC942}") = "Server", "Server\Server.vcxproj", "{07C06702-180C-47C4-B4B7-4734F95A3BE6}"
EndProject
Global
	GlobalSection(SolutionConfigurationPlatforms) = preSolution
		Debug|x64 = Debug|x64
		Debug|x86 = Debug|x86
		Release|x64 = Release|x64
		Release|x86 = Release|x86
	EndGlobalSection
	GlobalSection(ProjectConfigurationPlatforms) = postSolution
		{75D610FB-FEAE-4B96-A10A-F55420484A47}.Debug|x64.ActiveCfg = Debug|x64
		{75D610FB-FEAE-4B96-A10A-F55420484A47}.Debug|x64.Build.0 = Debug|x64
		{75D610FB-FEAE-4B96-A10A-F55420484A47}.Debug|x86.ActiveCfg = Debug|Win32
		{75D610FB-FEAE-4B96-A10A-F55420484A47}.Debug|x86.Build.0 = Debug|Win32
		{75D610FB-FEAE-4B96-A10A-F55420484A47}.Release|x64.ActiveCfg = Release|x64
		{75D610FB-FEAE-4B96-A10A-F55420484A47}.Release|x64.Build.0 = Release|x64
		{75D610FB-FEAE-4B96-A10A-F55420484A47}.Release|x86.ActiveCfg = Release|Win32
		{75D610FB-FEAE-4B96-A10A-F55420484A47}.Release|x86.Build.0 = Release|Win32
		{07C06702-180C-47C4-B4B7-4734F95A3BE6}.Debug|x64.ActiveCfg = Debug|x64
		{07C06702-180C-47C4-B4B7-4734F95A3BE6}.Debug|x64.Build.0 = Debug|x64
		{07C06702-180C-47C4-B4B7-4734F95A3BE6}.Debug|x86.ActiveCfg = Debug|Win32
		{07C06702-180C-47C4-B4B7-4734F95A3BE6}.Debug|x86.Build.0 = Debug|Win32
		{07C06702-180C-47C4-B4B7-4734F95A3BE6}.Release|x64.ActiveCfg = Release|x64
		{07C06702-180C-47C4-B4B7-4734F95A3BE6}.Release|x64.Build.0 = Release|x64
		{07C06702-180C-47C4-B4B7-4734F95A3BE6}.Release|x86.ActiveCfg = Release|Win32
		{07C06702-180C-47C4-B4B7-4734F95A3BE6}.Release|x86.Build.0 = Release|Win32
	EndGlobalSection
	GlobalSection(SolutionProperties) = preSolution
		HideSolutionNode = FALSE
	EndGlobalSection
	GlobalSection(ExtensibilityGlobals) = postSolution
		SolutionGuid = {FC31897E-E66B-4F65-B158-22C8B062E6AD}
	EndGlobalSection
EndGlobal
